
Microsoft Visual Studio Solution File, Format Version 12.00
# Visual Studio Version 17
VisualStudioVersion = 17.0.31903.59
MinimumVisualStudioVersion = 10.0.40219.1
Project("{2150E333-8FDC-42A3-9474-1A3956D46DE8}") = "src", "src", "{C2B57815-417D-48B1-8581-D31B45EFBEAD}"
EndProject
Project("{FAE04EC0-301F-11D3-BF4B-00C04F79EFBC}") = "oasbridge", "src\oasbridge\oasbridge.csproj", "{60F74EF5-BEB5-4F30-B2CC-E0EBDA49CDD5}"
EndProject
Project("{2150E333-8FDC-42A3-9474-1A3956D46DE8}") = "tests", "tests", "{5E185BFF-E8E6-473E-ABD2-2549359E5FC8}"
EndProject
Project("{FAE04EC0-301F-11D3-BF4B-00C04F79EFBC}") = "oasbridgetests", "tests\oasbridgetests\oasbridgetests.csproj", "{F3892683-A24A-4E11-997F-9D93B026F251}"
EndProject
Global
	GlobalSection(SolutionConfigurationPlatforms) = preSolution
		Debug|Any CPU = Debug|Any CPU
		Release|Any CPU = Release|Any CPU
	EndGlobalSection
	GlobalSection(SolutionProperties) = preSolution
		HideSolutionNode = FALSE
	EndGlobalSection
	GlobalSection(ProjectConfigurationPlatforms) = postSolution
		{60F74EF5-BEB5-4F30-B2CC-E0EBDA49CDD5}.Debug|Any CPU.ActiveCfg = Debug|Any CPU
		{60F74EF5-BEB5-4F30-B2CC-E0EBDA49CDD5}.Debug|Any CPU.Build.0 = Debug|Any CPU
		{60F74EF5-BEB5-4F30-B2CC-E0EBDA49CDD5}.Release|Any CPU.ActiveCfg = Release|Any CPU
		{60F74EF5-BEB5-4F30-B2CC-E0EBDA49CDD5}.Release|Any CPU.Build.0 = Release|Any CPU
		{F3892683-A24A-4E11-997F-9D93B026F251}.Debug|Any CPU.ActiveCfg = Debug|Any CPU
		{F3892683-A24A-4E11-997F-9D93B026F251}.Debug|Any CPU.Build.0 = Debug|Any CPU
		{F3892683-A24A-4E11-997F-9D93B026F251}.Release|Any CPU.ActiveCfg = Release|Any CPU
		{F3892683-A24A-4E11-997F-9D93B026F251}.Release|Any CPU.Build.0 = Release|Any CPU
	EndGlobalSection
	GlobalSection(NestedProjects) = preSolution
		{60F74EF5-BEB5-4F30-B2CC-E0EBDA49CDD5} = {C2B57815-417D-48B1-8581-D31B45EFBEAD}
		{F3892683-A24A-4E11-997F-9D93B026F251} = {5E185BFF-E8E6-473E-ABD2-2549359E5FC8}
	EndGlobalSection
EndGlobal
